{
  "version": 2,
  "dependencies": {
    "net10.0": {
      "Microsoft.Data.Sqlite.Core": {
        "type": "Transitive",
        "resolved": "10.0.5",
        "contentHash": "jFYXnh7s0RShCw6Vkf+ReGCw+mVi7ISg1YaEzYCJcXnUifmbW+aqvCsRJuSRj2ZuQ+oqetpjxlZtbpMmk5FKqQ==",
        "dependencies": {
          "SQLitePCLRaw.core": "2.1.11"
        }
      },
      "Microsoft.VisualStudio.SolutionPersistence": {
        "type": "Transitive",
        "resolved": "1.0.28",
        "contentHash": "VAdfHO35rE29gaVP8RPf6Et+z6wygxUCyQFUARgzplNje7keq9JZY8vF5oexhHxUTKqilMQyXQ8XdjRFjhQQwQ=="
      },
      "SemanticVersioning": {
        "type": "Transitive",
        "resolved": "2.0.2",
        "contentHash": "4EQgYdNZ92SyaO7YFk6olVnebF5V+jrHyMUjvPq89tLeMo8NSfgDF+6Zwq/lgh9j/0yfQp9Lkm0ZA0rUATCZFA=="
      },
      "SQLitePCLRaw.bundle_e_sqlite3": {
        "type": "Transitive",
        "resolved": "2.1.11",
        "contentHash": "DC4nA7yWnf4UZdgJDF+9Mus4/cb0Y3Sfgi3gDnAoKNAIBwzkskNAbNbyu+u4atT0ruVlZNJfwZmwiEwE5oz9LQ==",
        "dependencies": {
          "SQLitePCLRaw.lib.e_sqlite3": "2.1.11",
          "SQLitePCLRaw.provider.e_sqlite3": "2.1.11"
        }
      },
      "SQLitePCLRaw.core": {
        "type": "Transitive",
        "resolved": "2.1.11",
        "contentHash": "PK0GLFkfhZzLQeR3PJf71FmhtHox+U3vcY6ZtswoMjrefkB9k6ErNJEnwXqc5KgXDSjige2XXrezqS39gkpQKA=="
      },
      "SQLitePCLRaw.lib.e_sqlite3": {
        "type": "Transitive",
        "resolved": "2.1.11",
        "contentHash": "Ev2ytaXiOlWZ4b3R67GZBsemTINslLD1DCJr2xiacpn4tbapu0Q4dHEzSvZSMnVWeE5nlObU3VZN2p81q3XOYQ=="
      },
      "SQLitePCLRaw.provider.e_sqlite3": {
        "type": "Transitive",
        "resolved": "2.1.11",
        "contentHash": "Y/0ZkR+r0Cg3DQFuCl1RBnv/tmxpIZRU3HUvelPw6MVaKHwYYR8YNvgs0vuNuXCMvlyJ+Fh88U1D4tah1tt6qw==",
        "dependencies": {
          "SQLitePCLRaw.core": "2.1.11"
        }
      },
      "testprune": {
        "type": "Project",
        "dependencies": {
          "Ionide.ProjInfo": "[0.74.2, )",
          "Ionide.ProjInfo.FCS": "[0.74.2, )",
          "TestPrune.Core": "[2.0.0, )"
        }
      },
      "testprune.core": {
        "type": "Project",
        "dependencies": {
          "FSharp.Compiler.Service": "[43.12.*, )",
          "Microsoft.Data.Sqlite": "[10.0.5, )"
        }
      },
      "FSharp.Compiler.Service": {
        "type": "CentralTransitive",
        "requested": "[43.12.*, )",
        "resolved": "43.12.202",
        "contentHash": "MH3/NDPXS4eH9qzurP7ZjyddbVUaRjG/FdQr6hyhUnP9RSTgCmUv3mxRKR7V/OYWbHseMHURv/GbUVClnAvPbQ==",
        "dependencies": {
          "FSharp.Core": "[10.1.202]"
        }
      },
      "FSharp.Core": {
        "type": "CentralTransitive",
        "requested": "[10.1.*, )",
        "resolved": "10.1.202",
        "contentHash": "AEGcKK+UJOEa+g7+Y5N/R+EtafmIuqufCDeRdWXoIko1/JQT4jr+zH2PnNHVC4gPB19/pmIpQiuAs01pH8Ao5Q=="
      },
      "Ionide.ProjInfo": {
        "type": "CentralTransitive",
        "requested": "[0.74.2, )",
        "resolved": "0.74.2",
        "contentHash": "kjvt0fM3YQoyIVromp8y/TlKgiOaSNDhGuUdPxv6I6bKQBvJEAFgc4bWX8mfwBclHP5yRRCkC+i3q2cirDCM2w==",
        "dependencies": {
          "FSharp.Core": "6.0.0",
          "Microsoft.VisualStudio.SolutionPersistence": "1.0.28",
          "SemanticVersioning": "2.0.2"
        }
      },
      "Ionide.ProjInfo.FCS": {
        "type": "CentralTransitive",
        "requested": "[0.74.2, )",
        "resolved": "0.74.2",
        "contentHash": "zAzItdSiIhq4V031YlKworGOv/918LZn2Iu+fJbJbgCunlIImLqH9C0T9T7aZCvMmHi3pDuRKNBgVwQjGzYtGg==",
        "dependencies": {
          "FSharp.Compiler.Service": "43.10.100",
          "FSharp.Core": "10.0.100",
          "Ionide.ProjInfo": "0.74.2"
        }
      },
      "Microsoft.Data.Sqlite": {
        "type": "CentralTransitive",
        "requested": "[10.0.5, )",
        "resolved": "10.0.5",
        "contentHash": "y4noWO5q8tav8I/JyOhuWxII+1KrXCLuhjXdP1GRd3PvVf/IlgL+eQlikp9DyCrybQxS/0ZO7Me/X6c22MjSaQ==",
        "dependencies": {
          "Microsoft.Data.Sqlite.Core": "10.0.5",
          "SQLitePCLRaw.bundle_e_sqlite3": "2.1.11",
          "SQLitePCLRaw.core": "2.1.11"
        }
      }
    }
  }
}